github.com/davecgh/go-spew v1.1.0 h1:ZDRjVQ15GmhC3fiQ8ni8+OwkZQO4DARzQgrnXU1Liz8=
github.com/davecgh/go-spew v1.1.0/go.mod h1:J7Y8YcW2NihsgmVo/mv3lAwl/skON4iLHjSsI+c5H38=
github.com/fatih/color v1.10.0 h1:s36xzo75JdqLaaWoiEHk767eHiwo0598uUxyfiPkDsg=
github.com/fatih/color v1.10.0/go.mod h1:ELkj/draVOlAH/xkhN6mQ50Qd0MPOk5AAr3maGEBuJM=
github.com/mattn/go-colorable v0.1.8 h1:c1ghPdyEDarC70ftn0y+A/Ee++9zz8ljHG1b13eJ0s8=
github.com/mattn/go-colorable v0.1.8/go.mod h1:u6P/XSegPjTcexA+o6vUJrdnUu04hMope9wVRipJSqc=
github.com/mattn/go-isatty v0.0.12 h1:wuysRhFDzyxgEmMf5xjvJ2M9dZoWAXNNr5LSBS7uHXY=
github.com/mattn/go-isatty v0.0.12/go.mod h1:cbi8OIDigv2wuxKPP5vlRcQ1OAZbq2CE4Kysco4FUpU=
github.com/nxadm/certmin v0.4.4-0.20210119175614-491009368c56 h1:ZU2OQR6rneZd0Lds2yzafUcoeZpylHiXkvMCGxzsuUU=
github.com/nxadm/certmin v0.4.4-0.20210119175614-491009368c56/go.mod h1:2LUilEfOy0CyiTrwSGetV0RzCqs7Qtac1fJhlui1tew=
github.com/nxadm/certmin v0.4.4-0.20210119175820-2a6ca16ebea5 h1:j0DkDdpqqMxO9q4nTexsJ20ttG/8Wt+d1ZDfyh2be0o=
github.com/nxadm/certmin v0.4.4-0.20210119175820-2a6ca16ebea5/go.mod h1:2LUilEfOy0CyiTrwSGetV0RzCqs7Qtac1fJhlui1tew=
github.com/nxadm/certmin v0.4.4-0.20210119180116-731dd01a7adc h1:3qTOlR95gtJ4PvxXNTe162xiIh0ncdQZPKl29f9KDQA=
github.com/nxadm/certmin v0.4.4-0.20210119180116-731dd01a7adc/go.mod h1:2LUilEfOy0CyiTrwSGetV0RzCqs7Qtac1fJhlui1tew=
github.com/nxadm/certmin v0.4.4-0.20210119180503-18402259676c h1:daDOEwyow0zDUqKXTYD4rnqdVkRUi2W9y3zivsRz8FI=
github.com/nxadm/certmin v0.4.4-0.20210119180503-18402259676c/go.mod h1:2LUilEfOy0CyiTrwSGetV0RzCqs7Qtac1fJhlui1tew=
github.com/nxadm/certmin v0.4.4-0.20210119180710-424162cf17e4 h1:xIYAUF4kum+1JhvdL/hTXgRC+ruXDsaR7aXX6s9I3xo=
github.com/nxadm/certmin v0.4.4-0.20210119180710-424162cf17e4/go.mod h1:2LUilEfOy0CyiTrwSGetV0RzCqs7Qtac1fJhlui1tew=
github.com/nxadm/certmin v0.4.4-0.20210119181554-3a2d7a5e8223 h1:3q5clJHxIZLopLxNffj/48YLcQ3fl/nzo6Xq+pSEdZY=
github.com/nxadm/certmin v0.4.4-0.20210119181554-3a2d7a5e8223/go.mod h1:2LUilEfOy0CyiTrwSGetV0RzCqs7Qtac1fJhlui1tew=
github.com/nxadm/certmin v0.4.4-0.20210119181713-d8d7348cb98f h1:q/Kqi4Cith6u00aUpq0U14ib/4UWj0xmsWyRDnVlQCM=
github.com/nxadm/certmin v0.4.4-0.20210119181713-d8d7348cb98f/go.mod h1:2LUilEfOy0CyiTrwSGetV0RzCqs7Qtac1fJhlui1tew=
github.com/nxadm/certmin v0.4.4-0.20210119181847-b84e871d9171 h1:7lx6WW1lTw9a7drfI5N+PuczdLYWDvYE02IxuuzritE=
github.com/nxadm/certmin v0.4.4-0.20210119181847-b84e871d9171/go.mod h1:2LUilEfOy0CyiTrwSGetV0RzCqs7Qtac1fJhlui1tew=
github.com/nxadm/certmin v0.4.4-0.20210119182143-b81f61cf9ab3 h1:/c0CwMovLmV2+nHdTsHzwhDHwMQnw3bdyY+xIa7SN3g=
github.com/nxadm/certmin v0.4.4-0.20210119182143-b81f61cf9ab3/go.mod h1:2LUilEfOy0CyiTrwSGetV0RzCqs7Qtac1fJhlui1tew=
github.com/nxadm/certmin v0.4.4-0.20210119182417-6b43fb52fc3f h1:g87gwU+EwFKsIV5uTp8VKiGWnu3bq8n7Iuc8yFwPGag=
github.com/nxadm/certmin v0.4.4-0.20210119182417-6b43fb52fc3f/go.mod h1:2LUilEfOy0CyiTrwSGetV0RzCqs7Qtac1fJhlui1tew=
github.com/nxadm/certmin v0.4.4-0.20210119184549-b8c0d2d788d2 h1:N7LNP9EeSDbIzIEMOnzNZQYx4naqp80S8bHzbRrD/yg=
github.com/nxadm/certmin v0.4.4-0.20210119184549-b8c0d2d788d2/go.mod h1:2LUilEfOy0CyiTrwSGetV0RzCqs7Qtac1fJhlui1tew=
github.com/nxadm/certmin v0.4.4-0.20210119184818-a37b1959056b h1:WgnPlBESnJlTr7SLz1fm1EphssQcJRlIr7Xii/dAWDM=
github.com/nxadm/certmin v0.4.4-0.20210119184818-a37b1959056b/go.mod h1:2LUilEfOy0CyiTrwSGetV0RzCqs7Qtac1fJhlui1tew=
github.com/nxadm/certmin v0.4.4-0.20210119184958-42f8607d1955 h1:HuJ857nCexUzWqLc6O3uq5VdnGrCh3fNKjDkkchrkNI=
github.com/nxadm/certmin v0.4.4-0.20210119184958-42f8607d1955/go.mod h1:2LUilEfOy0CyiTrwSGetV0RzCqs7Qtac1fJhlui1tew=
github.com/nxadm/certmin v0.4.4-0.20210119185103-de483ac8ded4 h1:Wpi5cIe96hTbCA2iAnbviJvwN3T0lHE4SKGmttxeCrI=
github.com/nxadm/certmin v0.4.4-0.20210119185103-de483ac8ded4/go.mod h1:2LUilEfOy0CyiTrwSGetV0RzCqs7Qtac1fJhlui1tew=
github.com/nxadm/certmin v0.4.4-0.20210119185900-01171dc4aa0f h1:c0ieIhVUHA7ZrtYTAvinNJGr0FV4eLnOWQHJlrDzs3E=
github.com/nxadm/certmin v0.4.4-0.20210119185900-01171dc4aa0f/go.mod h1:2LUilEfOy0CyiTrwSGetV0RzCqs7Qtac1fJhlui1tew=
github.com/nxadm/certmin v0.4.4-0.20210119194442-c23bc5c88fe1 h1:BvjvBQSd+EG2sMkdONR1uYA6oPOZT8DAHmbluEYrdS0=
github.com/nxadm/certmin v0.4.4-0.20210119194442-c23bc5c88fe1/go.mod h1:2LUilEfOy0CyiTrwSGetV0RzCqs7Qtac1fJhlui1tew=
github.com/nxadm/certmin v0.4.4-0.20210119204408-4cce28aa89c1 h1:TZBIqxinyGXiPmqzMEMQ6RPcC1RH3x+r5VQ+DTNlkyA=
github.com/nxadm/certmin v0.4.4-0.20210119204408-4cce28aa89c1/go.mod h1:2LUilEfOy0CyiTrwSGetV0RzCqs7Qtac1fJhlui1tew=
github.com/nxadm/certmin v0.4.4-0.20210119214142-aad05b790ec9 h1:wg5zgS1sSp/jPEGiTwpQcDsvqVgFM3kxjr9C4YiSfIY=
github.com/nxadm/certmin v0.4.4-0.20210119214142-aad05b790ec9/go.mod h1:2LUilEfOy0CyiTrwSGetV0RzCqs7Qtac1fJhlui1tew=
github.com/nxadm/certmin v0.4.4-0.20210119214332-f397cf78533d h1:sUkegvtsrWBLTIKBMG2VHxLWruMNQQe6PoHTGrvAul4=
github.com/nxadm/certmin v0.4.4-0.20210119214332-f397cf78533d/go.mod h1:2LUilEfOy0CyiTrwSGetV0RzCqs7Qtac1fJhlui1tew=
github.com/nxadm/certmin v0.4.4-0.20210119233342-af0f26bd7098 h1:dRmWdDPH7TFQjJ1aFyLHkWH1xdJhWLbwVbA1S5hJK4A=
github.com/nxadm/certmin v0.4.4-0.20210119233342-af0f26bd7098/go.mod h1:2LUilEfOy0CyiTrwSGetV0RzCqs7Qtac1fJhlui1tew=
github.com/nxadm/certmin v0.4.4-0.20210120163508-c24bb7d8d4a9 h1:EPpe97C9wQbUTIMN9fB6EyJVgNGaX7UsqJHeCvHzMTw=
github.com/nxadm/certmin v0.4.4-0.20210120163508-c24bb7d8d4a9/go.mod h1:FfpUJy2JWNUZtoHEQTmVZQgTP2O4TS6SmjE42mvQ+Jk=
github.com/nxadm/certmin v0.4.4-0.20210120185955-6c8108a43193 h1:sgNXNa3S4pQXAV+EE37lDurI5OFng0n7YdefyxcszPk=
github.com/nxadm/certmin v0.4.4-0.20210120185955-6c8108a43193/go.mod h1:FfpUJy2JWNUZtoHEQTmVZQgTP2O4TS6SmjE42mvQ+Jk=
github.com/nxadm/certmin v0.4.4-0.20210120193036-644adf0798d0 h1:ntD89IVTp+W0Y9Z4ZHfQz2nm1OFx9Xul7izdUgChc9M=
github.com/nxadm/certmin v0.4.4-0.20210120193036-644adf0798d0/go.mod h1:FfpUJy2JWNUZtoHEQTmVZQgTP2O4TS6SmjE42mvQ+Jk=
github.com/nxadm/certmin v0.4.4-0.20210121000331-21e193f5e81d h1:wcRPIglhEvs0/39EzXq5nLpAG+F9rRWSa893TgmN90c=
github.com/nxadm/certmin v0.4.4-0.20210121000331-21e193f5e81d/go.mod h1:op0vdnaydhcw71JKT5bJuLtQW9VIcauSj0Bcafkr63Q=
github.com/pmezard/go-difflib v1.0.0 h1:4DBwDE0NGyQoBHbLQYPwSUPoCMWR5BEzIk/f1lZbAQM=
github.com/pmezard/go-difflib v1.0.0/go.mod h1:iKH77koFhYxTK1pcRnkKkqfTogsbg7gZNVY4sRDYZ/4=
github.com/spf13/pflag v1.0.5 h1:iy+VFUOCP1a+8yFto/drg2CJ5u0yRoB7fZw3DKv/JXA=
github.com/spf13/pflag v1.0.5/go.mod h1:McXfInJRrz4CZXVZOBLb0bTZqETkiAhM9Iw0y3An2Bg=
github.com/stretchr/objx v0.1.0/go.mod h1:HFkY916IF+rwdDfMAkV7OtwuqBVzrE8GR6GFx+wExME=
github.com/stretchr/testify v1.7.0 h1:nwc3DEeHmmLAfoZucVR881uASk0Mfjw8xYJ99tb5CcY=
github.com/stretchr/testify v1.7.0/go.mod h1:6Fq8oRcR53rry900zMqJjRRixrwX3KX962/h/Wwjteg=
github.com/youmark/pkcs8 v0.0.0-20201027041543-1326539a0a0a h1:fZHgsYlfvtyqToslyjUt3VOPF4J7aK/3MPcK7xp3PDk=
github.com/youmark/pkcs8 v0.0.0-20201027041543-1326539a0a0a/go.mod h1:ul22v+Nro/R083muKhosV54bj5niojjWZvU8xrevuH4=
go.mozilla.org/pkcs7 v0.0.0-20200128120323-432b2356ecb1 h1:A/5uWzF44DlIgdm/PQFwfMkW0JX+cIcQi/SwLAmZP5M=
go.mozilla.org/pkcs7 v0.0.0-20200128120323-432b2356ecb1/go.mod h1:SNgMg+EgDFwmvSmLRTNKC5fegJjB7v23qTQ0XLGUNHk=
golang.org/x/crypto v0.0.0-20190308221718-c2843e01d9a2/go.mod h1:djNgcEr1/C05ACkg1iLfiJU5Ep61QUkGW8qpdssI0+w=
golang.org/x/crypto v0.0.0-20200302210943-78000ba7a073/go.mod h1:LzIPMQfyMNhhGPhUkYOs5KpL4U8rLKemX1yGLhDgUto=
golang.org/x/crypto v0.0.0-20201221181555-eec23a3978ad h1:DN0cp81fZ3njFcrLCytUHRSUkqBjfTo4Tx9RJTWs0EY=
golang.org/x/crypto v0.0.0-20201221181555-eec23a3978ad/go.mod h1:jdWPYTVW3xRLrWPugEBEK3UY2ZEsg3UU495nc5E+M+I=
golang.org/x/net v0.0.0-20190404232315-eb5bcb51f2a3/go.mod h1:t9HGtf8HONx5eT2rtn7q6eTqICYqUVnKs3thJo3Qplg=
golang.org/x/sys v0.0.0-20190215142949-d0b11bdaac8a/go.mod h1:STP8DvDyc/dI5b8T5hshtkjS+E42TnysNCUPdjciGhY=
golang.org/x/sys v0.0.0-20190412213103-97732733099d/go.mod h1:h1NjWce9XRLGQEsW7wpKNCjG9DtNlClVuFLEZdDNbEs=
golang.org/x/sys v0.0.0-20191026070338-33540a1f6037/go.mod h1:h1NjWce9XRLGQEsW7wpKNCjG9DtNlClVuFLEZdDNbEs=
golang.org/x/sys v0.0.0-20200116001909-b77594299b42/go.mod h1:h1NjWce9XRLGQEsW7wpKNCjG9DtNlClVuFLEZdDNbEs=
golang.org/x/sys v0.0.0-20200223170610-d5e6a3e2c0ae h1:/WDfKMnPU+m5M4xB+6x4kaepxRw6jWvR5iDRdvjHgy8=
golang.org/x/sys v0.0.0-20200223170610-d5e6a3e2c0ae/go.mod h1:h1NjWce9XRLGQEsW7wpKNCjG9DtNlClVuFLEZdDNbEs=
golang.org/x/term v0.0.0-20201117132131-f5c789dd3221 h1:/ZHdbVpdR/jk3g30/d4yUL0JU9kksj8+F/bnQUVLGDM=
golang.org/x/term v0.0.0-20201117132131-f5c789dd3221/go.mod h1:Nr5EML6q2oocZ2LXRh80K7BxOlk5/8JxuGnuhpl+muw=
golang.org/x/text v0.3.0/go.mod h1:NqM8EUOU14njkJ3fqMW+pc6Ldnwhi/IjpwHt7yyuwOQ=
gopkg.in/check.v1 v0.0.0-20161208181325-20d25e280405 h1:yhCVgyC4o1eVCa2tZl7eS0r+SDo693bJlVdllGtEeKM=
gopkg.in/check.v1 v0.0.0-20161208181325-20d25e280405/go.mod h1:Co6ibVJAznAaIkqp8huTwlJQCZ016jof/cbN4VW5Yz0=
gopkg.in/yaml.v3 v3.0.0-20200313102051-9f266ea9e77c h1:dUUwHk2QECo/6vqA44rthZ8ie2QXMNeKRTHCNY2nXvo=
gopkg.in/yaml.v3 v3.0.0-20200313102051-9f266ea9e77c/go.mod h1:K4uyk7z7BCEPqu6E+C64Yfv1cQ7kz7rIZviUmN+EgEM=
software.sslmate.com/src/go-pkcs12 v0.0.0-20201103104416-57fc603b7f52 h1:yJEpdXGdVrQ+4noW8axHuvS7jFLwDJkJM2I884HoXjA=
software.sslmate.com/src/go-pkcs12 v0.0.0-20201103104416-57fc603b7f52/go.mod h1:/xvNRWUqm0+/ZMiF4EX00vrSCMsE4/NHb+Pt3freEeQ=
